// !$*UTF8*$!
{
	archiveVersion = 1;
	classes = {
	};
	objectVersion = 56;
	objects = {

/* Begin PBXBuildFile section */
		803757C42B0AA9E2009BEBEE /* GlobalMarketViewModel.swift in Sources */ = {isa = PBXBuildFile; fileRef = 803757C32B0AA9E2009BEBEE /* GlobalMarketViewModel.swift */; };
		8055A4412B0B457C00A2FAEB /* GlobalMarketView.swift in Sources */ = {isa = PBXBuildFile; fileRef = 8055A4402B0B457C00A2FAEB /* GlobalMarketView.swift */; };
		8055A4442B0B46BC00A2FAEB /* AppScreen.swift in Sources */ = {isa = PBXBuildFile; fileRef = 8055A4432B0B46BC00A2FAEB /* AppScreen.swift */; };
		8055A4462B0B476300A2FAEB /* AppNavigation.swift in Sources */ = {isa = PBXBuildFile; fileRef = 8055A4452B0B476300A2FAEB /* AppNavigation.swift */; };
		8055A4482B0B52A100A2FAEB /* CoinDetailsView.swift in Sources */ = {isa = PBXBuildFile; fileRef = 8055A4472B0B52A100A2FAEB /* CoinDetailsView.swift */; };
		8055A44B2B0B65FD00A2FAEB /* CardBackground.swift in Sources */ = {isa = PBXBuildFile; fileRef = 8055A44A2B0B65FD00A2FAEB /* CardBackground.swift */; };
		8055A44D2B0B729E00A2FAEB /* CoinListFilterSheet.swift in Sources */ = {isa = PBXBuildFile; fileRef = 8055A44C2B0B729E00A2FAEB /* CoinListFilterSheet.swift */; };
		8055A44F2B0B732200A2FAEB /* BasicDashboardCardView.swift in Sources */ = {isa = PBXBuildFile; fileRef = 8055A44E2B0B732200A2FAEB /* BasicDashboardCardView.swift */; };
		8055A4512B0B854800A2FAEB /* CoinpaprikaAPIService.swift in Sources */ = {isa = PBXBuildFile; fileRef = 8055A4502B0B854800A2FAEB /* CoinpaprikaAPIService.swift */; };
		809DFE6F2B0A4F2000AF5967 /* CoinListViewModel.swift in Sources */ = {isa = PBXBuildFile; fileRef = 809DFE6E2B0A4F2000AF5967 /* CoinListViewModel.swift */; };
		809DFE712B0A4F7700AF5967 /* CoinListUseCase.swift in Sources */ = {isa = PBXBuildFile; fileRef = 809DFE702B0A4F7700AF5967 /* CoinListUseCase.swift */; };
		809DFE732B0A4FE100AF5967 /* CoinDTO.swift in Sources */ = {isa = PBXBuildFile; fileRef = 809DFE722B0A4FE100AF5967 /* CoinDTO.swift */; };
		809DFE762B0A58EB00AF5967 /* Constants.swift in Sources */ = {isa = PBXBuildFile; fileRef = 809DFE752B0A58EB00AF5967 /* Constants.swift */; };
		809DFE7E2B0A5A5800AF5967 /* Resource.swift in Sources */ = {isa = PBXBuildFile; fileRef = 809DFE7D2B0A5A5800AF5967 /* Resource.swift */; };
		809DFE882B0A5BEC00AF5967 /* Coin.swift in Sources */ = {isa = PBXBuildFile; fileRef = 809DFE872B0A5BEC00AF5967 /* Coin.swift */; };
		809DFE8A2B0A5DAE00AF5967 /* CoinListItemView.swift in Sources */ = {isa = PBXBuildFile; fileRef = 809DFE892B0A5DAE00AF5967 /* CoinListItemView.swift */; };
		809DFE8E2B0A726700AF5967 /* GlobalMarket.swift in Sources */ = {isa = PBXBuildFile; fileRef = 809DFE8D2B0A726700AF5967 /* GlobalMarket.swift */; };
		809DFE902B0A727E00AF5967 /* Coins.swift in Sources */ = {isa = PBXBuildFile; fileRef = 809DFE8F2B0A727E00AF5967 /* Coins.swift */; };
		809DFECA2B0A758800AF5967 /* GlobalDTO.swift in Sources */ = {isa = PBXBuildFile; fileRef = 809DFEC92B0A758800AF5967 /* GlobalDTO.swift */; };
		809DFECC2B0A760300AF5967 /* GlobalMarketUseCase.swift in Sources */ = {isa = PBXBuildFile; fileRef = 809DFECB2B0A760300AF5967 /* GlobalMarketUseCase.swift */; };
		809DFECE2B0A761300AF5967 /* CoinUseCase.swift in Sources */ = {isa = PBXBuildFile; fileRef = 809DFECD2B0A761300AF5967 /* CoinUseCase.swift */; };
		80FFF68D2B093D09003B77E1 /* CryptomarketApp.swift in Sources */ = {isa = PBXBuildFile; fileRef = 80FFF68C2B093D09003B77E1 /* CryptomarketApp.swift */; };
		80FFF68F2B093D09003B77E1 /* CoinListView.swift in Sources */ = {isa = PBXBuildFile; fileRef = 80FFF68E2B093D09003B77E1 /* CoinListView.swift */; };
		80FFF6912B093D0A003B77E1 /* Assets.xcassets in Resources */ = {isa = PBXBuildFile; fileRef = 80FFF6902B093D0A003B77E1 /* Assets.xcassets */; };
		80FFF6942B093D0A003B77E1 /* Preview Assets.xcassets in Resources */ = {isa = PBXBuildFile; fileRef = 80FFF6932B093D0A003B77E1 /* Preview Assets.xcassets */; };
		80FFF69E2B093D0A003B77E1 /* CryptomarketTests.swift in Sources */ = {isa = PBXBuildFile; fileRef = 80FFF69D2B093D0A003B77E1 /* CryptomarketTests.swift */; };
		80FFF6A82B093D0A003B77E1 /* CryptomarketUITests.swift in Sources */ = {isa = PBXBuildFile; fileRef = 80FFF6A72B093D0A003B77E1 /* CryptomarketUITests.swift */; };
		80FFF6AA2B093D0A003B77E1 /* CryptomarketUITestsLaunchTests.swift in Sources */ = {isa = PBXBuildFile; fileRef = 80FFF6A92B093D0A003B77E1 /* CryptomarketUITestsLaunchTests.swift */; };
		80FFF6B72B093E6C003B77E1 /* CoinpaprikaAPIServiceImpl.swift in Sources */ = {isa = PBXBuildFile; fileRef = 80FFF6B62B093E6C003B77E1 /* CoinpaprikaAPIServiceImpl.swift */; };
/* End PBXBuildFile section */

/* Begin PBXContainerItemProxy section */
		80FFF69A2B093D0A003B77E1 /* PBXContainerItemProxy */ = {
			isa = PBXContainerItemProxy;
			containerPortal = 80FFF6812B093D09003B77E1 /* Project object */;
			proxyType = 1;
			remoteGlobalIDString = 80FFF6882B093D09003B77E1;
			remoteInfo = Cryptomarket;
		};
		80FFF6A42B093D0A003B77E1 /* PBXContainerItemProxy */ = {
			isa = PBXContainerItemProxy;
			containerPortal = 80FFF6812B093D09003B77E1 /* Project object */;
			proxyType = 1;
			remoteGlobalIDString = 80FFF6882B093D09003B77E1;
			remoteInfo = Cryptomarket;
		};
/* End PBXContainerItemProxy section */

/* Begin PBXFileReference section */
		803757C32B0AA9E2009BEBEE /* GlobalMarketViewModel.swift */ = {isa = PBXFileReference; lastKnownFileType = sourcecode.swift; path = GlobalMarketViewModel.swift; sourceTree = "<group>"; };
		8055A4402B0B457C00A2FAEB /* GlobalMarketView.swift */ = {isa = PBXFileReference; lastKnownFileType = sourcecode.swift; path = GlobalMarketView.swift; sourceTree = "<group>"; };
		8055A4432B0B46BC00A2FAEB /* AppScreen.swift */ = {isa = PBXFileReference; lastKnownFileType = sourcecode.swift; path = AppScreen.swift; sourceTree = "<group>"; };
		8055A4452B0B476300A2FAEB /* AppNavigation.swift */ = {isa = PBXFileReference; lastKnownFileType = sourcecode.swift; path = AppNavigation.swift; sourceTree = "<group>"; };
		8055A4472B0B52A100A2FAEB /* CoinDetailsView.swift */ = {isa = PBXFileReference; lastKnownFileType = sourcecode.swift; path = CoinDetailsView.swift; sourceTree = "<group>"; };
		8055A44A2B0B65FD00A2FAEB /* CardBackground.swift */ = {isa = PBXFileReference; lastKnownFileType = sourcecode.swift; path = CardBackground.swift; sourceTree = "<group>"; };
		8055A44C2B0B729E00A2FAEB /* CoinListFilterSheet.swift */ = {isa = PBXFileReference; lastKnownFileType = sourcecode.swift; path = CoinListFilterSheet.swift; sourceTree = "<group>"; };
		8055A44E2B0B732200A2FAEB /* BasicDashboardCardView.swift */ = {isa = PBXFileReference; lastKnownFileType = sourcecode.swift; path = BasicDashboardCardView.swift; sourceTree = "<group>"; };
		8055A4502B0B854800A2FAEB /* CoinpaprikaAPIService.swift */ = {isa = PBXFileReference; lastKnownFileType = sourcecode.swift; path = CoinpaprikaAPIService.swift; sourceTree = "<group>"; };
		809DFE6E2B0A4F2000AF5967 /* CoinListViewModel.swift */ = {isa = PBXFileReference; lastKnownFileType = sourcecode.swift; path = CoinListViewModel.swift; sourceTree = "<group>"; };
		809DFE702B0A4F7700AF5967 /* CoinListUseCase.swift */ = {isa = PBXFileReference; lastKnownFileType = sourcecode.swift; path = CoinListUseCase.swift; sourceTree = "<group>"; };
		809DFE722B0A4FE100AF5967 /* CoinDTO.swift */ = {isa = PBXFileReference; lastKnownFileType = sourcecode.swift; path = CoinDTO.swift; sourceTree = "<group>"; };
		809DFE752B0A58EB00AF5967 /* Constants.swift */ = {isa = PBXFileReference; lastKnownFileType = sourcecode.swift; path = Constants.swift; sourceTree = "<group>"; };
		809DFE7D2B0A5A5800AF5967 /* Resource.swift */ = {isa = PBXFileReference; lastKnownFileType = sourcecode.swift; path = Resource.swift; sourceTree = "<group>"; };
		809DFE872B0A5BEC00AF5967 /* Coin.swift */ = {isa = PBXFileReference; lastKnownFileType = sourcecode.swift; path = Coin.swift; sourceTree = "<group>"; };
		809DFE892B0A5DAE00AF5967 /* CoinListItemView.swift */ = {isa = PBXFileReference; lastKnownFileType = sourcecode.swift; path = CoinListItemView.swift; sourceTree = "<group>"; };
		809DFE8D2B0A726700AF5967 /* GlobalMarket.swift */ = {isa = PBXFileReference; lastKnownFileType = sourcecode.swift; path = GlobalMarket.swift; sourceTree = "<group>"; };
		809DFE8F2B0A727E00AF5967 /* Coins.swift */ = {isa = PBXFileReference; lastKnownFileType = sourcecode.swift; path = Coins.swift; sourceTree = "<group>"; };
		809DFEC92B0A758800AF5967 /* GlobalDTO.swift */ = {isa = PBXFileReference; lastKnownFileType = sourcecode.swift; path = GlobalDTO.swift; sourceTree = "<group>"; };
		809DFECB2B0A760300AF5967 /* GlobalMarketUseCase.swift */ = {isa = PBXFileReference; lastKnownFileType = sourcecode.swift; path = GlobalMarketUseCase.swift; sourceTree = "<group>"; };
		809DFECD2B0A761300AF5967 /* CoinUseCase.swift */ = {isa = PBXFileReference; lastKnownFileType = sourcecode.swift; path = CoinUseCase.swift; sourceTree = "<group>"; };
		80FFF6892B093D09003B77E1 /* Cryptomarket.app */ = {isa = PBXFileReference; explicitFileType = wrapper.application; includeInIndex = 0; path = Cryptomarket.app; sourceTree = BUILT_PRODUCTS_DIR; };
		80FFF68C2B093D09003B77E1 /* CryptomarketApp.swift */ = {isa = PBXFileReference; lastKnownFileType = sourcecode.swift; path = CryptomarketApp.swift; sourceTree = "<group>"; };
		80FFF68E2B093D09003B77E1 /* CoinListView.swift */ = {isa = PBXFileReference; lastKnownFileType = sourcecode.swift; path = CoinListView.swift; sourceTree = "<group>"; };
		80FFF6902B093D0A003B77E1 /* Assets.xcassets */ = {isa = PBXFileReference; lastKnownFileType = folder.assetcatalog; path = Assets.xcassets; sourceTree = "<group>"; };
		80FFF6932B093D0A003B77E1 /* Preview Assets.xcassets */ = {isa = PBXFileReference; lastKnownFileType = folder.assetcatalog; path = "Preview Assets.xcassets"; sourceTree = "<group>"; };
		80FFF6992B093D0A003B77E1 /* CryptomarketTests.xctest */ = {isa = PBXFileReference; explicitFileType = wrapper.cfbundle; includeInIndex = 0; path = CryptomarketTests.xctest; sourceTree = BUILT_PRODUCTS_DIR; };
		80FFF69D2B093D0A003B77E1 /* CryptomarketTests.swift */ = {isa = PBXFileReference; lastKnownFileType = sourcecode.swift; path = CryptomarketTests.swift; sourceTree = "<group>"; };
		80FFF6A32B093D0A003B77E1 /* CryptomarketUITests.xctest */ = {isa = PBXFileReference; explicitFileType = wrapper.cfbundle; includeInIndex = 0; path = CryptomarketUITests.xctest; sourceTree = BUILT_PRODUCTS_DIR; };
		80FFF6A72B093D0A003B77E1 /* CryptomarketUITests.swift */ = {isa = PBXFileReference; lastKnownFileType = sourcecode.swift; path = CryptomarketUITests.swift; sourceTree = "<group>"; };
		80FFF6A92B093D0A003B77E1 /* CryptomarketUITestsLaunchTests.swift */ = {isa = PBXFileReference; lastKnownFileType = sourcecode.swift; path = CryptomarketUITestsLaunchTests.swift; sourceTree = "<group>"; };
		80FFF6B62B093E6C003B77E1 /* CoinpaprikaAPIServiceImpl.swift */ = {isa = PBXFileReference; lastKnownFileType = sourcecode.swift; path = CoinpaprikaAPIServiceImpl.swift; sourceTree = "<group>"; };
/* End PBXFileReference section */

/* Begin PBXFrameworksBuildPhase section */
		80FFF6862B093D09003B77E1 /* Frameworks */ = {
			isa = PBXFrameworksBuildPhase;
			buildActionMask = 2147483647;
			files = (
			);
			runOnlyForDeploymentPostprocessing = 0;
		};
		80FFF6962B093D0A003B77E1 /* Frameworks */ = {
			isa = PBXFrameworksBuildPhase;
			buildActionMask = 2147483647;
			files = (
			);
			runOnlyForDeploymentPostprocessing = 0;
		};
		80FFF6A02B093D0A003B77E1 /* Frameworks */ = {
			isa = PBXFrameworksBuildPhase;
			buildActionMask = 2147483647;
			files = (
			);
			runOnlyForDeploymentPostprocessing = 0;
		};
/* End PBXFrameworksBuildPhase section */

/* Begin PBXGroup section */
		8055A4422B0B46A600A2FAEB /* Navigation */ = {
			isa = PBXGroup;
			children = (
				8055A4432B0B46BC00A2FAEB /* AppScreen.swift */,
				8055A4452B0B476300A2FAEB /* AppNavigation.swift */,
			);
			path = Navigation;
			sourceTree = "<group>";
		};
		8055A4492B0B65CF00A2FAEB /* Views */ = {
			isa = PBXGroup;
			children = (
				8055A44A2B0B65FD00A2FAEB /* CardBackground.swift */,
				8055A44E2B0B732200A2FAEB /* BasicDashboardCardView.swift */,
			);
			path = Views;
			sourceTree = "<group>";
		};
		809DFE742B0A58DF00AF5967 /* Common */ = {
			isa = PBXGroup;
			children = (
				8055A4492B0B65CF00A2FAEB /* Views */,
				8055A4422B0B46A600A2FAEB /* Navigation */,
				809DFE752B0A58EB00AF5967 /* Constants.swift */,
				809DFE7D2B0A5A5800AF5967 /* Resource.swift */,
			);
			path = Common;
			sourceTree = "<group>";
		};
		809DFE772B0A59BB00AF5967 /* Presentation */ = {
			isa = PBXGroup;
			children = (
				809DFE7A2B0A59EB00AF5967 /* Global */,
				809DFE792B0A59E600AF5967 /* Details */,
				809DFE782B0A59E100AF5967 /* List */,
			);
			path = Presentation;
			sourceTree = "<group>";
		};
		809DFE782B0A59E100AF5967 /* List */ = {
			isa = PBXGroup;
			children = (
				809DFE6E2B0A4F2000AF5967 /* CoinListViewModel.swift */,
				80FFF68E2B093D09003B77E1 /* CoinListView.swift */,
				809DFE892B0A5DAE00AF5967 /* CoinListItemView.swift */,
				8055A44C2B0B729E00A2FAEB /* CoinListFilterSheet.swift */,
			);
			path = List;
			sourceTree = "<group>";
		};
		809DFE792B0A59E600AF5967 /* Details */ = {
			isa = PBXGroup;
			children = (
				8055A4472B0B52A100A2FAEB /* CoinDetailsView.swift */,
			);
			path = Details;
			sourceTree = "<group>";
		};
		809DFE7A2B0A59EB00AF5967 /* Global */ = {
			isa = PBXGroup;
			children = (
				803757C32B0AA9E2009BEBEE /* GlobalMarketViewModel.swift */,
				8055A4402B0B457C00A2FAEB /* GlobalMarketView.swift */,
			);
			path = Global;
			sourceTree = "<group>";
		};
		809DFE7B2B0A5A0A00AF5967 /* Data */ = {
			isa = PBXGroup;
			children = (
				809DFE7F2B0A5B0200AF5967 /* Remote */,
			);
			path = Data;
			sourceTree = "<group>";
		};
		809DFE7C2B0A5A1000AF5967 /* Domain */ = {
			isa = PBXGroup;
			children = (
				809DFE832B0A5B3F00AF5967 /* UseCase */,
				809DFE822B0A5B3300AF5967 /* Model */,
			);
			path = Domain;
			sourceTree = "<group>";
		};
		809DFE7F2B0A5B0200AF5967 /* Remote */ = {
			isa = PBXGroup;
			children = (
				80FFF6B62B093E6C003B77E1 /* CoinpaprikaAPIServiceImpl.swift */,
				809DFE802B0A5B0A00AF5967 /* DTO */,
				8055A4502B0B854800A2FAEB /* CoinpaprikaAPIService.swift */,
			);
			path = Remote;
			sourceTree = "<group>";
		};
		809DFE802B0A5B0A00AF5967 /* DTO */ = {
			isa = PBXGroup;
			children = (
				809DFE722B0A4FE100AF5967 /* CoinDTO.swift */,
				809DFEC92B0A758800AF5967 /* GlobalDTO.swift */,
			);
			path = DTO;
			sourceTree = "<group>";
		};
		809DFE822B0A5B3300AF5967 /* Model */ = {
			isa = PBXGroup;
			children = (
				809DFE872B0A5BEC00AF5967 /* Coin.swift */,
				809DFE8D2B0A726700AF5967 /* GlobalMarket.swift */,
				809DFE8F2B0A727E00AF5967 /* Coins.swift */,
			);
			path = Model;
			sourceTree = "<group>";
		};
		809DFE832B0A5B3F00AF5967 /* UseCase */ = {
			isa = PBXGroup;
			children = (
				809DFE862B0A5B5700AF5967 /* GetGlobal */,
				809DFE852B0A5B5100AF5967 /* GetCoins */,
				809DFE842B0A5B4A00AF5967 /* GetCoin */,
			);
			path = UseCase;
			sourceTree = "<group>";
		};
		809DFE842B0A5B4A00AF5967 /* GetCoin */ = {
			isa = PBXGroup;
			children = (
				809DFECD2B0A761300AF5967 /* CoinUseCase.swift */,
			);
			path = GetCoin;
			sourceTree = "<group>";
		};
		809DFE852B0A5B5100AF5967 /* GetCoins */ = {
			isa = PBXGroup;
			children = (
				809DFE702B0A4F7700AF5967 /* CoinListUseCase.swift */,
			);
			path = GetCoins;
			sourceTree = "<group>";
		};
		809DFE862B0A5B5700AF5967 /* GetGlobal */ = {
			isa = PBXGroup;
			children = (
				809DFECB2B0A760300AF5967 /* GlobalMarketUseCase.swift */,
			);
			path = GetGlobal;
			sourceTree = "<group>";
		};
		80FFF6802B093D09003B77E1 = {
			isa = PBXGroup;
			children = (
				80FFF68B2B093D09003B77E1 /* Cryptomarket */,
				80FFF69C2B093D0A003B77E1 /* CryptomarketTests */,
				80FFF6A62B093D0A003B77E1 /* CryptomarketUITests */,
				80FFF68A2B093D09003B77E1 /* Products */,
			);
			sourceTree = "<group>";
		};
		80FFF68A2B093D09003B77E1 /* Products */ = {
			isa = PBXGroup;
			children = (
				80FFF6892B093D09003B77E1 /* Cryptomarket.app */,
				80FFF6992B093D0A003B77E1 /* CryptomarketTests.xctest */,
				80FFF6A32B093D0A003B77E1 /* CryptomarketUITests.xctest */,
			);
			name = Products;
			sourceTree = "<group>";
		};
		80FFF68B2B093D09003B77E1 /* Cryptomarket */ = {
			isa = PBXGroup;
			children = (
				809DFE7C2B0A5A1000AF5967 /* Domain */,
				809DFE7B2B0A5A0A00AF5967 /* Data */,
				809DFE772B0A59BB00AF5967 /* Presentation */,
				809DFE742B0A58DF00AF5967 /* Common */,
				80FFF68C2B093D09003B77E1 /* CryptomarketApp.swift */,
				80FFF6902B093D0A003B77E1 /* Assets.xcassets */,
				80FFF6922B093D0A003B77E1 /* Preview Content */,
			);
			path = Cryptomarket;
			sourceTree = "<group>";
		};
		80FFF6922B093D0A003B77E1 /* Preview Content */ = {
			isa = PBXGroup;
			children = (
				80FFF6932B093D0A003B77E1 /* Preview Assets.xcassets */,
			);
			path = "Preview Content";
			sourceTree = "<group>";
		};
		80FFF69C2B093D0A003B77E1 /* CryptomarketTests */ = {
			isa = PBXGroup;
			children = (
				80FFF69D2B093D0A003B77E1 /* CryptomarketTests.swift */,
			);
			path = CryptomarketTests;
			sourceTree = "<group>";
		};
		80FFF6A62B093D0A003B77E1 /* CryptomarketUITests */ = {
			isa = PBXGroup;
			children = (
				80FFF6A72B093D0A003B77E1 /* CryptomarketUITests.swift */,
				80FFF6A92B093D0A003B77E1 /* CryptomarketUITestsLaunchTests.swift */,
			);
			path = CryptomarketUITests;
			sourceTree = "<group>";
		};
/* End PBXGroup section */

/* Begin PBXNativeTarget section */
		80FFF6882B093D09003B77E1 /* Cryptomarket */ = {
			isa = PBXNativeTarget;
			buildConfigurationList = 80FFF6AD2B093D0A003B77E1 /* Build configuration list for PBXNativeTarget "Cryptomarket" */;
			buildPhases = (
				80FFF6852B093D09003B77E1 /* Sources */,
				80FFF6862B093D09003B77E1 /* Frameworks */,
				80FFF6872B093D09003B77E1 /* Resources */,
			);
			buildRules = (
			);
			dependencies = (
			);
			name = Cryptomarket;
			productName = Cryptomarket;
			productReference = 80FFF6892B093D09003B77E1 /* Cryptomarket.app */;
			productType = "com.apple.product-type.application";
		};
		80FFF6982B093D0A003B77E1 /* CryptomarketTests */ = {
			isa = PBXNativeTarget;
			buildConfigurationList = 80FFF6B02B093D0A003B77E1 /* Build configuration list for PBXNativeTarget "CryptomarketTests" */;
			buildPhases = (
				80FFF6952B093D0A003B77E1 /* Sources */,
				80FFF6962B093D0A003B77E1 /* Frameworks */,
				80FFF6972B093D0A003B77E1 /* Resources */,
			);
			buildRules = (
			);
			dependencies = (
				80FFF69B2B093D0A003B77E1 /* PBXTargetDependency */,
			);
			name = CryptomarketTests;
			productName = CryptomarketTests;
			productReference = 80FFF6992B093D0A003B77E1 /* CryptomarketTests.xctest */;
			productType = "com.apple.product-type.bundle.unit-test";
		};
		80FFF6A22B093D0A003B77E1 /* CryptomarketUITests */ = {
			isa = PBXNativeTarget;
			buildConfigurationList = 80FFF6B32B093D0A003B77E1 /* Build configuration list for PBXNativeTarget "CryptomarketUITests" */;
			buildPhases = (
				80FFF69F2B093D0A003B77E1 /* Sources */,
				80FFF6A02B093D0A003B77E1 /* Frameworks */,
				80FFF6A12B093D0A003B77E1 /* Resources */,
			);
			buildRules = (
			);
			dependencies = (
				80FFF6A52B093D0A003B77E1 /* PBXTargetDependency */,
			);
			name = CryptomarketUITests;
			productName = CryptomarketUITests;
			productReference = 80FFF6A32B093D0A003B77E1 /* CryptomarketUITests.xctest */;
			productType = "com.apple.product-type.bundle.ui-testing";
		};
/* End PBXNativeTarget section */

/* Begin PBXProject section */
		80FFF6812B093D09003B77E1 /* Project object */ = {
			isa = PBXProject;
			attributes = {
				BuildIndependentTargetsInParallel = 1;
				LastSwiftUpdateCheck = 1500;
				LastUpgradeCheck = 1500;
				TargetAttributes = {
					80FFF6882B093D09003B77E1 = {
						CreatedOnToolsVersion = 15.0.1;
					};
					80FFF6982B093D0A003B77E1 = {
						CreatedOnToolsVersion = 15.0.1;
						TestTargetID = 80FFF6882B093D09003B77E1;
					};
					80FFF6A22B093D0A003B77E1 = {
						CreatedOnToolsVersion = 15.0.1;
						TestTargetID = 80FFF6882B093D09003B77E1;
					};
				};
			};
			buildConfigurationList = 80FFF6842B093D09003B77E1 /* Build configuration list for PBXProject "Cryptomarket" */;
			compatibilityVersion = "Xcode 14.0";
			developmentRegion = en;
			hasScannedForEncodings = 0;
			knownRegions = (
				en,
				Base,
			);
			mainGroup = 80FFF6802B093D09003B77E1;
			productRefGroup = 80FFF68A2B093D09003B77E1 /* Products */;
			projectDirPath = "";
			projectRoot = "";
			targets = (
				80FFF6882B093D09003B77E1 /* Cryptomarket */,
				80FFF6982B093D0A003B77E1 /* CryptomarketTests */,
				80FFF6A22B093D0A003B77E1 /* CryptomarketUITests */,
			);
		};
/* End PBXProject section */

/* Begin PBXResourcesBuildPhase section */
		80FFF6872B093D09003B77E1 /* Resources */ = {
			isa = PBXResourcesBuildPhase;
			buildActionMask = 2147483647;
			files = (
				80FFF6942B093D0A003B77E1 /* Preview Assets.xcassets in Resources */,
				80FFF6912B093D0A003B77E1 /* Assets.xcassets in Resources */,
			);
			runOnlyForDeploymentPostprocessing = 0;
		};
		80FFF6972B093D0A003B77E1 /* Resources */ = {
			isa = PBXResourcesBuildPhase;
			buildActionMask = 2147483647;
			files = (
			);
			runOnlyForDeploymentPostprocessing = 0;
		};
		80FFF6A12B093D0A003B77E1 /* Resources */ = {
			isa = PBXResourcesBuildPhase;
			buildActionMask = 2147483647;
			files = (
			);
			runOnlyForDeploymentPostprocessing = 0;
		};
/* End PBXResourcesBuildPhase section */

/* Begin PBXSourcesBuildPhase section */
		80FFF6852B093D09003B77E1 /* Sources */ = {
			isa = PBXSourcesBuildPhase;
			buildActionMask = 2147483647;
			files = (
				809DFE882B0A5BEC00AF5967 /* Coin.swift in Sources */,
				80FFF6B72B093E6C003B77E1 /* CoinpaprikaAPIServiceImpl.swift in Sources */,
				8055A4512B0B854800A2FAEB /* CoinpaprikaAPIService.swift in Sources */,
				8055A4442B0B46BC00A2FAEB /* AppScreen.swift in Sources */,
				809DFE8A2B0A5DAE00AF5967 /* CoinListItemView.swift in Sources */,
				8055A4412B0B457C00A2FAEB /* GlobalMarketView.swift in Sources */,
				809DFE7E2B0A5A5800AF5967 /* Resource.swift in Sources */,
				8055A44F2B0B732200A2FAEB /* BasicDashboardCardView.swift in Sources */,
				809DFE902B0A727E00AF5967 /* Coins.swift in Sources */,
				8055A4482B0B52A100A2FAEB /* CoinDetailsView.swift in Sources */,
				8055A4462B0B476300A2FAEB /* AppNavigation.swift in Sources */,
				80FFF68F2B093D09003B77E1 /* CoinListView.swift in Sources */,
				809DFECA2B0A758800AF5967 /* GlobalDTO.swift in Sources */,
				80FFF68D2B093D09003B77E1 /* CryptomarketApp.swift in Sources */,
				8055A44D2B0B729E00A2FAEB /* CoinListFilterSheet.swift in Sources */,
				809DFECC2B0A760300AF5967 /* GlobalMarketUseCase.swift in Sources */,
				809DFE712B0A4F7700AF5967 /* CoinListUseCase.swift in Sources */,
				809DFE8E2B0A726700AF5967 /* GlobalMarket.swift in Sources */,
				809DFE762B0A58EB00AF5967 /* Constants.swift in Sources */,
				803757C42B0AA9E2009BEBEE /* GlobalMarketViewModel.swift in Sources */,
				809DFE732B0A4FE100AF5967 /* CoinDTO.swift in Sources */,
				8055A44B2B0B65FD00A2FAEB /* CardBackground.swift in Sources */,
				809DFECE2B0A761300AF5967 /* CoinUseCase.swift in Sources */,
				809DFE6F2B0A4F2000AF5967 /* CoinListViewModel.swift in Sources */,
			);
			runOnlyForDeploymentPostprocessing = 0;
		};
		80FFF6952B093D0A003B77E1 /* Sources */ = {
			isa = PBXSourcesBuildPhase;
			buildActionMask = 2147483647;
			files = (
				80FFF69E2B093D0A003B77E1 /* CryptomarketTests.swift in Sources */,
			);
			runOnlyForDeploymentPostprocessing = 0;
		};
		80FFF69F2B093D0A003B77E1 /* Sources */ = {
			isa = PBXSourcesBuildPhase;
			buildActionMask = 2147483647;
			files = (
				80FFF6A82B093D0A003B77E1 /* CryptomarketUITests.swift in Sources */,
				80FFF6AA2B093D0A003B77E1 /* CryptomarketUITestsLaunchTests.swift in Sources */,
			);
			runOnlyForDeploymentPostprocessing = 0;
		};
/* End PBXSourcesBuildPhase section */

/* Begin PBXTargetDependency section */
		80FFF69B2B093D0A003B77E1 /* PBXTargetDependency */ = {
			isa = PBXTargetDependency;
			target = 80FFF6882B093D09003B77E1 /* Cryptomarket */;
			targetProxy = 80FFF69A2B093D0A003B77E1 /* PBXContainerItemProxy */;
		};
		80FFF6A52B093D0A003B77E1 /* PBXTargetDependency */ = {
			isa = PBXTargetDependency;
			target = 80FFF6882B093D09003B77E1 /* Cryptomarket */;
			targetProxy = 80FFF6A42B093D0A003B77E1 /* PBXContainerItemProxy */;
		};
/* End PBXTargetDependency section */

/* Begin XCBuildConfiguration section */
		80FFF6AB2B093D0A003B77E1 /* Debug */ = {
			isa = XCBuildConfiguration;
			buildSettings = {
				ALWAYS_SEARCH_USER_PATHS = NO;
				ASSETCATALOG_COMPILER_GENERATE_SWIFT_ASSET_SYMBOL_EXTENSIONS = YES;
				CLANG_ANALYZER_NONNULL = YES;
				CLANG_ANALYZER_NUMBER_OBJECT_CONVERSION = YES_AGGRESSIVE;
				CLANG_CXX_LANGUAGE_STANDARD = "gnu++20";
				CLANG_ENABLE_MODULES = YES;
				CLANG_ENABLE_OBJC_ARC = YES;
				CLANG_ENABLE_OBJC_WEAK = YES;
				CLANG_WARN_BLOCK_CAPTURE_AUTORELEASING = YES;
				CLANG_WARN_BOOL_CONVERSION = YES;
				CLANG_WARN_COMMA = YES;
				CLANG_WARN_CONSTANT_CONVERSION = YES;
				CLANG_WARN_DEPRECATED_OBJC_IMPLEMENTATIONS = YES;
				CLANG_WARN_DIRECT_OBJC_ISA_USAGE = YES_ERROR;
				CLANG_WARN_DOCUMENTATION_COMMENTS = YES;
				CLANG_WARN_EMPTY_BODY = YES;
				CLANG_WARN_ENUM_CONVERSION = YES;
				CLANG_WARN_INFINITE_RECURSION = YES;
				CLANG_WARN_INT_CONVERSION = YES;
				CLANG_WARN_NON_LITERAL_NULL_CONVERSION = YES;
				CLANG_WARN_OBJC_IMPLICIT_RETAIN_SELF = YES;
				CLANG_WARN_OBJC_LITERAL_CONVERSION = YES;
				CLANG_WARN_OBJC_ROOT_CLASS = YES_ERROR;
				CLANG_WARN_QUOTED_INCLUDE_IN_FRAMEWORK_HEADER = YES;
				CLANG_WARN_RANGE_LOOP_ANALYSIS = YES;
				CLANG_WARN_STRICT_PROTOTYPES = YES;
				CLANG_WARN_SUSPICIOUS_MOVE = YES;
				CLANG_WARN_UNGUARDED_AVAILABILITY = YES_AGGRESSIVE;
				CLANG_WARN_UNREACHABLE_CODE = YES;
				CLANG_WARN__DUPLICATE_METHOD_MATCH = YES;
				COPY_PHASE_STRIP = NO;
				DEBUG_INFORMATION_FORMAT = dwarf;
				ENABLE_STRICT_OBJC_MSGSEND = YES;
				ENABLE_TESTABILITY = YES;
				ENABLE_USER_SCRIPT_SANDBOXING = YES;
				GCC_C_LANGUAGE_STANDARD = gnu17;
				GCC_DYNAMIC_NO_PIC = NO;
				GCC_NO_COMMON_BLOCKS = YES;
				GCC_OPTIMIZATION_LEVEL = 0;
				GCC_PREPROCESSOR_DEFINITIONS = (
					"DEBUG=1",
					"$(inherited)",
				);
				GCC_WARN_64_TO_32_BIT_CONVERSION = YES;
				GCC_WARN_ABOUT_RETURN_TYPE = YES_ERROR;
				GCC_WARN_UNDECLARED_SELECTOR = YES;
				GCC_WARN_UNINITIALIZED_AUTOS = YES_AGGRESSIVE;
				GCC_WARN_UNUSED_FUNCTION = YES;
				GCC_WARN_UNUSED_VARIABLE = YES;
				IPHONEOS_DEPLOYMENT_TARGET = 17.0;
				LOCALIZATION_PREFERS_STRING_CATALOGS = YES;
				MTL_ENABLE_DEBUG_INFO = INCLUDE_SOURCE;
				MTL_FAST_MATH = YES;
				ONLY_ACTIVE_ARCH = YES;
				SDKROOT = iphoneos;
				SWIFT_ACTIVE_COMPILATION_CONDITIONS = "DEBUG $(inherited)";
				SWIFT_OPTIMIZATION_LEVEL = "-Onone";
			};
			name = Debug;
		};
		80FFF6AC2B093D0A003B77E1 /* Release */ = {
			isa = XCBuildConfiguration;
			buildSettings = {
				ALWAYS_SEARCH_USER_PATHS = NO;
				ASSETCATALOG_COMPILER_GENERATE_SWIFT_ASSET_SYMBOL_EXTENSIONS = YES;
				CLANG_ANALYZER_NONNULL = YES;
				CLANG_ANALYZER_NUMBER_OBJECT_CONVERSION = YES_AGGRESSIVE;
				CLANG_CXX_LANGUAGE_STANDARD = "gnu++20";
				CLANG_ENABLE_MODULES = YES;
				CLANG_ENABLE_OBJC_ARC = YES;
				CLANG_ENABLE_OBJC_WEAK = YES;
				CLANG_WARN_BLOCK_CAPTURE_AUTORELEASING = YES;
				CLANG_WARN_BOOL_CONVERSION = YES;
				CLANG_WARN_COMMA = YES;
				CLANG_WARN_CONSTANT_CONVERSION = YES;
				CLANG_WARN_DEPRECATED_OBJC_IMPLEMENTATIONS = YES;
				CLANG_WARN_DIRECT_OBJC_ISA_USAGE = YES_ERROR;
				CLANG_WARN_DOCUMENTATION_COMMENTS = YES;
				CLANG_WARN_EMPTY_BODY = YES;
				CLANG_WARN_ENUM_CONVERSION = YES;
				CLANG_WARN_INFINITE_RECURSION = YES;
				CLANG_WARN_INT_CONVERSION = YES;
				CLANG_WARN_NON_LITERAL_NULL_CONVERSION = YES;
				CLANG_WARN_OBJC_IMPLICIT_RETAIN_SELF = YES;
				CLANG_WARN_OBJC_LITERAL_CONVERSION = YES;
				CLANG_WARN_OBJC_ROOT_CLASS = YES_ERROR;
				CLANG_WARN_QUOTED_INCLUDE_IN_FRAMEWORK_HEADER = YES;
				CLANG_WARN_RANGE_LOOP_ANALYSIS = YES;
				CLANG_WARN_STRICT_PROTOTYPES = YES;
				CLANG_WARN_SUSPICIOUS_MOVE = YES;
				CLANG_WARN_UNGUARDED_AVAILABILITY = YES_AGGRESSIVE;
				CLANG_WARN_UNREACHABLE_CODE = YES;
				CLANG_WARN__DUPLICATE_METHOD_MATCH = YES;
				COPY_PHASE_STRIP = NO;
				DEBUG_INFORMATION_FORMAT = "dwarf-with-dsym";
				ENABLE_NS_ASSERTIONS = NO;
				ENABLE_STRICT_OBJC_MSGSEND = YES;
				ENABLE_USER_SCRIPT_SANDBOXING = YES;
				GCC_C_LANGUAGE_STANDARD = gnu17;
				GCC_NO_COMMON_BLOCKS = YES;
				GCC_WARN_64_TO_32_BIT_CONVERSION = YES;
				GCC_WARN_ABOUT_RETURN_TYPE = YES_ERROR;
				GCC_WARN_UNDECLARED_SELECTOR = YES;
				GCC_WARN_UNINITIALIZED_AUTOS = YES_AGGRESSIVE;
				GCC_WARN_UNUSED_FUNCTION = YES;
				GCC_WARN_UNUSED_VARIABLE = YES;
				IPHONEOS_DEPLOYMENT_TARGET = 17.0;
				LOCALIZATION_PREFERS_STRING_CATALOGS = YES;
				MTL_ENABLE_DEBUG_INFO = NO;
				MTL_FAST_MATH = YES;
				SDKROOT = iphoneos;
				SWIFT_COMPILATION_MODE = wholemodule;
				VALIDATE_PRODUCT = YES;
			};
			name = Release;
		};
		80FFF6AE2B093D0A003B77E1 /* Debug */ = {
			isa = XCBuildConfiguration;
			buildSettings = {
				ASSETCATALOG_COMPILER_APPICON_NAME = AppIcon;
				ASSETCATALOG_COMPILER_GLOBAL_ACCENT_COLOR_NAME = AccentColor;
				CODE_SIGN_STYLE = Automatic;
				CURRENT_PROJECT_VERSION = 1;
				DEVELOPMENT_ASSET_PATHS = "\"Cryptomarket/Preview Content\"";
				DEVELOPMENT_TEAM = 4DZQ8R87XF;
				ENABLE_PREVIEWS = YES;
				GENERATE_INFOPLIST_FILE = YES;
				INFOPLIST_KEY_NSLocalNetworkUsageDescription = "Just in case";
				INFOPLIST_KEY_UIApplicationSceneManifest_Generation = YES;
				INFOPLIST_KEY_UIApplicationSupportsIndirectInputEvents = YES;
				INFOPLIST_KEY_UILaunchScreen_Generation = YES;
				INFOPLIST_KEY_UISupportedInterfaceOrientations_iPad = "UIInterfaceOrientationPortrait UIInterfaceOrientationPortraitUpsideDown UIInterfaceOrientationLandscapeLeft UIInterfaceOrientationLandscapeRight";
				INFOPLIST_KEY_UISupportedInterfaceOrientations_iPhone = "UIInterfaceOrientationPortrait UIInterfaceOrientationLandscapeLeft UIInterfaceOrientationLandscapeRight";
				LD_RUNPATH_SEARCH_PATHS = (
					"$(inherited)",
					"@executable_path/Frameworks",
				);
				MARKETING_VERSION = 1.0;
				PRODUCT_BUNDLE_IDENTIFIER = cool.antics.Cryptomarket;
				PRODUCT_NAME = "$(TARGET_NAME)";
				SWIFT_EMIT_LOC_STRINGS = YES;
				SWIFT_STRICT_CONCURRENCY = complete;
				SWIFT_VERSION = 5.0;
				TARGETED_DEVICE_FAMILY = "1,2";
			};
			name = Debug;
		};
		80FFF6AF2B093D0A003B77E1 /* Release */ = {
			isa = XCBuildConfiguration;
			buildSettings = {
				ASSETCATALOG_COMPILER_APPICON_NAME = AppIcon;
				ASSETCATALOG_COMPILER_GLOBAL_ACCENT_COLOR_NAME = AccentColor;
				CODE_SIGN_STYLE = Automatic;
				CURRENT_PROJECT_VERSION = 1;
				DEVELOPMENT_ASSET_PATHS = "\"Cryptomarket/Preview Content\"";
				DEVELOPMENT_TEAM = 4DZQ8R87XF;
				ENABLE_PREVIEWS = YES;
				GENERATE_INFOPLIST_FILE = YES;
				INFOPLIST_KEY_NSLocalNetworkUsageDescription = "Just in case";
				INFOPLIST_KEY_UIApplicationSceneManifest_Generation = YES;
				INFOPLIST_KEY_UIApplicationSupportsIndirectInputEvents = YES;
				INFOPLIST_KEY_UILaunchScreen_Generation = YES;
				INFOPLIST_KEY_UISupportedInterfaceOrientations_iPad = "UIInterfaceOrientationPortrait UIInterfaceOrientationPortraitUpsideDown UIInterfaceOrientationLandscapeLeft UIInterfaceOrientationLandscapeRight";
				INFOPLIST_KEY_UISupportedInterfaceOrientations_iPhone = "UIInterfaceOrientationPortrait UIInterfaceOrientationLandscapeLeft UIInterfaceOrientationLandscapeRight";
				LD_RUNPATH_SEARCH_PATHS = (
					"$(inherited)",
					"@executable_path/Frameworks",
				);
				MARKETING_VERSION = 1.0;
				PRODUCT_BUNDLE_IDENTIFIER = cool.antics.Cryptomarket;
				PRODUCT_NAME = "$(TARGET_NAME)";
				SWIFT_EMIT_LOC_STRINGS = YES;
				SWIFT_STRICT_CONCURRENCY = complete;
				SWIFT_VERSION = 5.0;
				TARGETED_DEVICE_FAMILY = "1,2";
			};
			name = Release;
		};
		80FFF6B12B093D0A003B77E1 /* Debug */ = {
			isa = XCBuildConfiguration;
			buildSettings = {
				ALWAYS_EMBED_SWIFT_STANDARD_LIBRARIES = YES;
				BUNDLE_LOADER = "$(TEST_HOST)";
				CODE_SIGN_STYLE = Automatic;
				CURRENT_PROJECT_VERSION = 1;
				DEVELOPMENT_TEAM = 4DZQ8R87XF;
				GENERATE_INFOPLIST_FILE = YES;
				IPHONEOS_DEPLOYMENT_TARGET = 17.0;
				MARKETING_VERSION = 1.0;
				PRODUCT_BUNDLE_IDENTIFIER = cool.antics.CryptomarketTests;
				PRODUCT_NAME = "$(TARGET_NAME)";
				SWIFT_EMIT_LOC_STRINGS = NO;
				SWIFT_VERSION = 5.0;
				TARGETED_DEVICE_FAMILY = "1,2";
				TEST_HOST = "$(BUILT_PRODUCTS_DIR)/Cryptomarket.app/$(BUNDLE_EXECUTABLE_FOLDER_PATH)/Cryptomarket";
			};
			name = Debug;
		};
		80FFF6B22B093D0A003B77E1 /* Release */ = {
			isa = XCBuildConfiguration;
			buildSettings = {
				ALWAYS_EMBED_SWIFT_STANDARD_LIBRARIES = YES;
				BUNDLE_LOADER = "$(TEST_HOST)";
				CODE_SIGN_STYLE = Automatic;
				CURRENT_PROJECT_VERSION = 1;
				DEVELOPMENT_TEAM = 4DZQ8R87XF;
				GENERATE_INFOPLIST_FILE = YES;
				IPHONEOS_DEPLOYMENT_TARGET = 17.0;
				MARKETING_VERSION = 1.0;
				PRODUCT_BUNDLE_IDENTIFIER = cool.antics.CryptomarketTests;
				PRODUCT_NAME = "$(TARGET_NAME)";
				SWIFT_EMIT_LOC_STRINGS = NO;
				SWIFT_VERSION = 5.0;
				TARGETED_DEVICE_FAMILY = "1,2";
				TEST_HOST = "$(BUILT_PRODUCTS_DIR)/Cryptomarket.app/$(BUNDLE_EXECUTABLE_FOLDER_PATH)/Cryptomarket";
			};
			name = Release;
		};
		80FFF6B42B093D0A003B77E1 /* Debug */ = {
			isa = XCBuildConfiguration;
			buildSettings = {
				ALWAYS_EMBED_SWIFT_STANDARD_LIBRARIES = YES;
				CODE_SIGN_STYLE = Automatic;
				CURRENT_PROJECT_VERSION = 1;
				DEVELOPMENT_TEAM = 4DZQ8R87XF;
				GENERATE_INFOPLIST_FILE = YES;
				MARKETING_VERSION = 1.0;
				PRODUCT_BUNDLE_IDENTIFIER = cool.antics.CryptomarketUITests;
				PRODUCT_NAME = "$(TARGET_NAME)";
				SWIFT_EMIT_LOC_STRINGS = NO;
				SWIFT_VERSION = 5.0;
				TARGETED_DEVICE_FAMILY = "1,2";
				TEST_TARGET_NAME = Cryptomarket;
			};
			name = Debug;
		};
		80FFF6B52B093D0A003B77E1 /* Release */ = {
			isa = XCBuildConfiguration;
			buildSettings = {
				ALWAYS_EMBED_SWIFT_STANDARD_LIBRARIES = YES;
				CODE_SIGN_STYLE = Automatic;
				CURRENT_PROJECT_VERSION = 1;
				DEVELOPMENT_TEAM = 4DZQ8R87XF;
				GENERATE_INFOPLIST_FILE = YES;
				MARKETING_VERSION = 1.0;
				PRODUCT_BUNDLE_IDENTIFIER = cool.antics.CryptomarketUITests;
				PRODUCT_NAME = "$(TARGET_NAME)";
				SWIFT_EMIT_LOC_STRINGS = NO;
				SWIFT_VERSION = 5.0;
				TARGETED_DEVICE_FAMILY = "1,2";
				TEST_TARGET_NAME = Cryptomarket;
			};
			name = Release;
		};
/* End XCBuildConfiguration section */

/* Begin XCConfigurationList section */
		80FFF6842B093D09003B77E1 /* Build configuration list for PBXProject "Cryptomarket" */ = {
			isa = XCConfigurationList;
			buildConfigurations = (
				80FFF6AB2B093D0A003B77E1 /* Debug */,
				80FFF6AC2B093D0A003B77E1 /* Release */,
			);
			defaultConfigurationIsVisible = 0;
			defaultConfigurationName = Release;
		};
		80FFF6AD2B093D0A003B77E1 /* Build configuration list for PBXNativeTarget "Cryptomarket" */ = {
			isa = XCConfigurationList;
			buildConfigurations = (
				80FFF6AE2B093D0A003B77E1 /* Debug */,
				80FFF6AF2B093D0A003B77E1 /* Release */,
			);
			defaultConfigurationIsVisible = 0;
			defaultConfigurationName = Release;
		};
		80FFF6B02B093D0A003B77E1 /* Build configuration list for PBXNativeTarget "CryptomarketTests" */ = {
			isa = XCConfigurationList;
			buildConfigurations = (
				80FFF6B12B093D0A003B77E1 /* Debug */,
				80FFF6B22B093D0A003B77E1 /* Release */,
			);
			defaultConfigurationIsVisible = 0;
			defaultConfigurationName = Release;
		};
		80FFF6B32B093D0A003B77E1 /* Build configuration list for PBXNativeTarget "CryptomarketUITests" */ = {
			isa = XCConfigurationList;
			buildConfigurations = (
				80FFF6B42B093D0A003B77E1 /* Debug */,
				80FFF6B52B093D0A003B77E1 /* Release */,
			);
			defaultConfigurationIsVisible = 0;
			defaultConfigurationName = Release;
		};
/* End XCConfigurationList section */
	};
	rootObject = 80FFF6812B093D09003B77E1 /* Project object */;
}
